{
  "nodes": {
    "home-manager": {
      "inputs": {
        "nixpkgs": [
          "nixpkgs"
        ]
      },
      "locked": {
        "lastModified": 1725781935,
        "narHash": "sha256-o6LRtdpgBTzev9n243Ktu3rn0/qsv0frFyJwU6vJsdE=",
        "owner": "nix-community",
        "repo": "home-manager",
        "rev": "ec4c6928bbacc89cf10e9c959a7a47cbaad95344",
        "type": "github"
      },
      "original": {
        "owner": "nix-community",
        "ref": "master",
        "repo": "home-manager",
        "type": "github"
      }
    },
    "kmonad": {
      "inputs": {
        "nixpkgs": [
          "nixpkgs"
        ]
      },
      "locked": {
        "dir": "nix",
        "lastModified": 1725345689,
        "narHash": "sha256-vA6SmOA7LFIKjisA29d7crEN2AH1w6TPkt7N87VYo/8=",
        "ref": "refs/heads/master",
        "rev": "906b4e9620f3b1da7884787d43213c945affb786",
        "revCount": 846,
        "submodules": true,
        "type": "git",
        "url": "https://github.com/kmonad/kmonad?dir=nix"
      },
      "original": {
        "dir": "nix",
        "submodules": true,
        "type": "git",
        "url": "https://github.com/kmonad/kmonad?dir=nix"
      }
    },
    "nixpkgs": {
      "locked": {
        "lastModified": 1725634671,
        "narHash": "sha256-v3rIhsJBOMLR8e/RNWxr828tB+WywYIoajrZKFM+0Gg=",
        "owner": "NixOS",
        "repo": "nixpkgs",
        "rev": "574d1eac1c200690e27b8eb4e24887f8df7ac27c",
        "type": "github"
      },
      "original": {
        "owner": "NixOS",
        "ref": "nixos-unstable",
        "repo": "nixpkgs",
        "type": "github"
      }
    },
    "nixpkgs-extra_unstable": {
      "locked": {
        "lastModified": 1725811211,
        "narHash": "sha256-4APxIB8c4c8UmQCr2DHigI+ncLZBONWl1Cww350F80E=",
        "owner": "NixOS",
        "repo": "nixpkgs",
        "rev": "828b7b46725ae161db7ce0f7e4cb73534aec83a0",
        "type": "github"
      },
      "original": {
        "owner": "NixOS",
        "ref": "master",
        "repo": "nixpkgs",
        "type": "github"
      }
    },
    "nixpkgs-stable": {
      "locked": {
        "lastModified": 1725693463,
        "narHash": "sha256-ZPzhebbWBOr0zRWW10FfqfbJlan3G96/h3uqhiFqmwg=",
        "owner": "NixOS",
        "repo": "nixpkgs",
        "rev": "68e7dce0a6532e876980764167ad158174402c6f",
        "type": "github"
      },
      "original": {
        "owner": "NixOS",
        "ref": "nixos-24.05",
        "repo": "nixpkgs",
        "type": "github"
      }
    },
    "root": {
      "inputs": {
        "home-manager": "home-manager",
        "kmonad": "kmonad",
        "nixpkgs": "nixpkgs",
        "nixpkgs-extra_unstable": "nixpkgs-extra_unstable",
        "nixpkgs-stable": "nixpkgs-stable"
      }
    }
  },
  "root": "root",
  "version": 7
}
