{
  "nodes": {
    "home-manager": {
      "inputs": {
        "nixpkgs": [
          "nixpkgs"
        ]
      },
      "locked": {
        "lastModified": 1720327769,
        "narHash": "sha256-kAsg3Lg4YKKpGw+f1W2s5hzjP8B0y/juowvjK8utIag=",
        "owner": "nix-community",
        "repo": "home-manager",
        "rev": "6b7ce96f34b324e4e104abc30d06955d216bac71",
        "type": "github"
      },
      "original": {
        "owner": "nix-community",
        "ref": "master",
        "repo": "home-manager",
        "type": "github"
      }
    },
    "kmonad": {
      "inputs": {
        "nixpkgs": [
          "nixpkgs"
        ]
      },
      "locked": {
        "dir": "nix",
        "lastModified": 1717741147,
        "narHash": "sha256-VcGu0i6/2PVFHmyrnLivxEARX2bcPLxgkSFoUYjx3YY=",
        "ref": "refs/heads/master",
        "rev": "235b42610758355a664c153999c1ff03b4d918e6",
        "revCount": 793,
        "submodules": true,
        "type": "git",
        "url": "https://github.com/kmonad/kmonad?dir=nix"
      },
      "original": {
        "dir": "nix",
        "submodules": true,
        "type": "git",
        "url": "https://github.com/kmonad/kmonad?dir=nix"
      }
    },
    "nixpkgs": {
      "locked": {
        "lastModified": 1720031269,
        "narHash": "sha256-rwz8NJZV+387rnWpTYcXaRNvzUSnnF9aHONoJIYmiUQ=",
        "owner": "NixOS",
        "repo": "nixpkgs",
        "rev": "9f4128e00b0ae8ec65918efeba59db998750ead6",
        "type": "github"
      },
      "original": {
        "owner": "NixOS",
        "ref": "nixos-unstable",
        "repo": "nixpkgs",
        "type": "github"
      }
    },
    "nixpkgs-stable": {
      "locked": {
        "lastModified": 1720244366,
        "narHash": "sha256-WrDV0FPMVd2Sq9hkR5LNHudS3OSMmUrs90JUTN+MXpA=",
        "owner": "NixOS",
        "repo": "nixpkgs",
        "rev": "49ee0e94463abada1de470c9c07bfc12b36dcf40",
        "type": "github"
      },
      "original": {
        "owner": "NixOS",
        "ref": "nixos-24.05",
        "repo": "nixpkgs",
        "type": "github"
      }
    },
    "nixpkgs_2": {
      "locked": {
        "lastModified": 1721156933,
        "narHash": "sha256-XTH7hsb4PtLe/BQIIKZ4uGx+xu5U3i3jvfdVtoQxym8=",
        "owner": "NixOS",
        "repo": "nixpkgs",
        "rev": "36660ac280038eecfea8f4d95710bbd3829038d4",
        "type": "github"
      },
      "original": {
        "owner": "NixOS",
        "ref": "release-24.05",
        "repo": "nixpkgs",
        "type": "github"
      }
    },
    "page-rs": {
      "inputs": {
        "nixpkgs": "nixpkgs_2"
      },
      "locked": {
        "lastModified": 1721158068,
        "narHash": "sha256-f5YFtP85hnryCu1it+BpfKgjQF1dO63CjhUkVMmeHwc=",
        "owner": "DylanBulfin",
        "repo": "page-rs",
        "rev": "99e1af9074bcc0f4afbef6ea19d0bf2b06dd53c4",
        "type": "github"
      },
      "original": {
        "owner": "DylanBulfin",
        "repo": "page-rs",
        "type": "github"
      }
    },
    "root": {
      "inputs": {
        "home-manager": "home-manager",
        "kmonad": "kmonad",
        "nixpkgs": "nixpkgs",
        "nixpkgs-stable": "nixpkgs-stable",
        "page-rs": "page-rs"
      }
    }
  },
  "root": "root",
  "version": 7
}
